
Microsoft Visual Studio Solution File, Format Version 12.00
# Visual Studio Version 16
VisualStudioVersion = 16.0.29613.14
MinimumVisualStudioVersion = 10.0.40219.1
Project("{FAE04EC0-301F-11D3-BF4B-00C04F79EFBC}") = "TodosApp", "TodosApp.csproj", "{7109F6D4-8781-40EF-8126-2B2D997A29CE}"
EndProject
Global
	GlobalSection(SolutionConfigurationPlatforms) = preSolution
		Debug|Any CPU = Debug|Any CPU
		Release|Any CPU = Release|Any CPU
	EndGlobalSection
	GlobalSection(ProjectConfigurationPlatforms) = postSolution
		{7109F6D4-8781-40EF-8126-2B2D997A29CE}.Debug|Any CPU.ActiveCfg = Debug|Any CPU
		{7109F6D4-8781-40EF-8126-2B2D997A29CE}.Debug|Any CPU.Build.0 = Debug|Any CPU
		{7109F6D4-8781-40EF-8126-2B2D997A29CE}.Release|Any CPU.ActiveCfg = Release|Any CPU
		{7109F6D4-8781-40EF-8126-2B2D997A29CE}.Release|Any CPU.Build.0 = Release|Any CPU
	EndGlobalSection
	GlobalSection(SolutionProperties) = preSolution
		HideSolutionNode = FALSE
	EndGlobalSection
	GlobalSection(ExtensibilityGlobals) = postSolution
		SolutionGuid = {1C276286-498A-4A9A-A3A0-971F827BBEE5}
	EndGlobalSection
EndGlobal
